
Microsoft Visual Studio Solution File, Format Version 12.00
# Visual Studio 2012
Project("{FAE04EC0-301F-11D3-BF4B-00C04F79EFBC}") = "XamarinDependency.Library", "XamarinDependency.Library\XamarinDependency.Library.csproj", "{4DAF7CF3-D261-469C-91BF-17AE0662D61D}"
EndProject
Project("{FAE04EC0-301F-11D3-BF4B-00C04F79EFBC}") = "XamarinDependency.LibraryBindings", "XamarinDependency.LibraryBindings\XamarinDependency.LibraryBindings.csproj", "{AC809087-CB6C-4F04-9F16-0F0F3478ED17}"
EndProject
Project("{FAE04EC0-301F-11D3-BF4B-00C04F79EFBC}") = "XamarinDependency.Application", "XamarinDependency.Application\XamarinDependency.Application.csproj", "{ED7CA2E6-DC58-4BBC-87B8-6E138074A204}"
EndProject
Global
	GlobalSection(SolutionConfigurationPlatforms) = preSolution
		Debug|Any CPU = Debug|Any CPU
		Release|Any CPU = Release|Any CPU
	EndGlobalSection
	GlobalSection(ProjectConfigurationPlatforms) = postSolution
		{4DAF7CF3-D261-469C-91BF-17AE0662D61D}.Debug|Any CPU.ActiveCfg = Debug|Any CPU
		{4DAF7CF3-D261-469C-91BF-17AE0662D61D}.Debug|Any CPU.Build.0 = Debug|Any CPU
		{4DAF7CF3-D261-469C-91BF-17AE0662D61D}.Release|Any CPU.ActiveCfg = Release|Any CPU
		{4DAF7CF3-D261-469C-91BF-17AE0662D61D}.Release|Any CPU.Build.0 = Release|Any CPU
		{AC809087-CB6C-4F04-9F16-0F0F3478ED17}.Debug|Any CPU.ActiveCfg = Debug|Any CPU
		{AC809087-CB6C-4F04-9F16-0F0F3478ED17}.Debug|Any CPU.Build.0 = Debug|Any CPU
		{AC809087-CB6C-4F04-9F16-0F0F3478ED17}.Release|Any CPU.ActiveCfg = Release|Any CPU
		{AC809087-CB6C-4F04-9F16-0F0F3478ED17}.Release|Any CPU.Build.0 = Release|Any CPU
		{ED7CA2E6-DC58-4BBC-87B8-6E138074A204}.Debug|Any CPU.ActiveCfg = Debug|Any CPU
		{ED7CA2E6-DC58-4BBC-87B8-6E138074A204}.Debug|Any CPU.Build.0 = Debug|Any CPU
		{ED7CA2E6-DC58-4BBC-87B8-6E138074A204}.Release|Any CPU.ActiveCfg = Release|Any CPU
		{ED7CA2E6-DC58-4BBC-87B8-6E138074A204}.Release|Any CPU.Build.0 = Release|Any CPU
	EndGlobalSection
EndGlobal
